// !$*UTF8*$!
{
	archiveVersion = 1;
	classes = {
	};
	objectVersion = 46;
	objects = {

/* Begin PBXBuildFile section */
		0EEA2B411C45E64400D9B49C /* main.m in Sources */ = {isa = PBXBuildFile; fileRef = 0EEA2B401C45E64400D9B49C /* main.m */; };
		0EEA2B441C45E64400D9B49C /* AppDelegate.m in Sources */ = {isa = PBXBuildFile; fileRef = 0EEA2B431C45E64400D9B49C /* AppDelegate.m */; };
		0EEA2B471C45E64400D9B49C /* ViewController.m in Sources */ = {isa = PBXBuildFile; fileRef = 0EEA2B461C45E64400D9B49C /* ViewController.m */; };
		0EEA2B4A1C45E64400D9B49C /* Main.storyboard in Resources */ = {isa = PBXBuildFile; fileRef = 0EEA2B481C45E64400D9B49C /* Main.storyboard */; };
		0EEA2B4C1C45E64400D9B49C /* Assets.xcassets in Resources */ = {isa = PBXBuildFile; fileRef = 0EEA2B4B1C45E64400D9B49C /* Assets.xcassets */; };
		0EEA2B4F1C45E64400D9B49C /* LaunchScreen.storyboard in Resources */ = {isa = PBXBuildFile; fileRef = 0EEA2B4D1C45E64400D9B49C /* LaunchScreen.storyboard */; };
		0EEA2B5A1C45E64400D9B49C /* _2_______Tests.m in Sources */ = {isa = PBXBuildFile; fileRef = 0EEA2B591C45E64400D9B49C /* _2_______Tests.m */; };
		0EEA2B651C45E64400D9B49C /* _2_______UITests.m in Sources */ = {isa = PBXBuildFile; fileRef = 0EEA2B641C45E64400D9B49C /* _2_______UITests.m */; };
		0EEA2B761C45E6B300D9B49C /* TextImageView.m in Sources */ = {isa = PBXBuildFile; fileRef = 0EEA2B751C45E6B300D9B49C /* TextImageView.m */; };
		0EEA2B781C45EC9200D9B49C /* Mole06.png in Resources */ = {isa = PBXBuildFile; fileRef = 0EEA2B771C45EC9200D9B49C /* Mole06.png */; };
/* End PBXBuildFile section */

/* Begin PBXContainerItemProxy section */
		0EEA2B561C45E64400D9B49C /* PBXContainerItemProxy */ = {
			isa = PBXContainerItemProxy;
			containerPortal = 0EEA2B341C45E64400D9B49C /* Project object */;
			proxyType = 1;
			remoteGlobalIDString = 0EEA2B3B1C45E64400D9B49C;
			remoteInfo = "02-画图片和文字";
		};
		0EEA2B611C45E64400D9B49C /* PBXContainerItemProxy */ = {
			isa = PBXContainerItemProxy;
			containerPortal = 0EEA2B341C45E64400D9B49C /* Project object */;
			proxyType = 1;
			remoteGlobalIDString = 0EEA2B3B1C45E64400D9B49C;
			remoteInfo = "02-画图片和文字";
		};
/* End PBXContainerItemProxy section */

/* Begin PBXFileReference section */
		0EEA2B3C1C45E64400D9B49C /* 02-画图片和文字.app */ = {isa = PBXFileReference; explicitFileType = wrapper.application; includeInIndex = 0; path = "02-画图片和文字.app"; sourceTree = BUILT_PRODUCTS_DIR; };
		0EEA2B401C45E64400D9B49C /* main.m */ = {isa = PBXFileReference; lastKnownFileType = sourcecode.c.objc; path = main.m; sourceTree = "<group>"; };
		0EEA2B421C45E64400D9B49C /* AppDelegate.h */ = {isa = PBXFileReference; lastKnownFileType = sourcecode.c.h; path = AppDelegate.h; sourceTree = "<group>"; };
		0EEA2B431C45E64400D9B49C /* AppDelegate.m */ = {isa = PBXFileReference; lastKnownFileType = sourcecode.c.objc; name = AppDelegate.m; path = "../02-画图片和文字/AppDelegate.m"; sourceTree = "<group>"; };
		0EEA2B451C45E64400D9B49C /* ViewController.h */ = {isa = PBXFileReference; lastKnownFileType = sourcecode.c.h; path = ViewController.h; sourceTree = "<group>"; };
		0EEA2B461C45E64400D9B49C /* ViewController.m */ = {isa = PBXFileReference; lastKnownFileType = sourcecode.c.objc; path = ViewController.m; sourceTree = "<group>"; };
		0EEA2B491C45E64400D9B49C /* Base */ = {isa = PBXFileReference; lastKnownFileType = file.storyboard; name = Base; path = Base.lproj/Main.storyboard; sourceTree = "<group>"; };
		0EEA2B4B1C45E64400D9B49C /* Assets.xcassets */ = {isa = PBXFileReference; lastKnownFileType = folder.assetcatalog; path = Assets.xcassets; sourceTree = "<group>"; };
		0EEA2B4E1C45E64400D9B49C /* Base */ = {isa = PBXFileReference; lastKnownFileType = file.storyboard; name = Base; path = Base.lproj/LaunchScreen.storyboard; sourceTree = "<group>"; };
		0EEA2B501C45E64400D9B49C /* Info.plist */ = {isa = PBXFileReference; lastKnownFileType = text.plist.xml; path = Info.plist; sourceTree = "<group>"; };
		0EEA2B551C45E64400D9B49C /* 02-画图片和文字Tests.xctest */ = {isa = PBXFileReference; explicitFileType = wrapper.cfbundle; includeInIndex = 0; path = "02-画图片和文字Tests.xctest"; sourceTree = BUILT_PRODUCTS_DIR; };
		0EEA2B591C45E64400D9B49C /* _2_______Tests.m */ = {isa = PBXFileReference; lastKnownFileType = sourcecode.c.objc; path = "_2_______Tests.m"; sourceTree = "<group>"; };
		0EEA2B5B1C45E64400D9B49C /* Info.plist */ = {isa = PBXFileReference; lastKnownFileType = text.plist.xml; path = Info.plist; sourceTree = "<group>"; };
		0EEA2B601C45E64400D9B49C /* 02-画图片和文字UITests.xctest */ = {isa = PBXFileReference; explicitFileType = wrapper.cfbundle; includeInIndex = 0; path = "02-画图片和文字UITests.xctest"; sourceTree = BUILT_PRODUCTS_DIR; };
		0EEA2B641C45E64400D9B49C /* _2_______UITests.m */ = {isa = PBXFileReference; lastKnownFileType = sourcecode.c.objc; path = "_2_______UITests.m"; sourceTree = "<group>"; };
		0EEA2B661C45E64400D9B49C /* Info.plist */ = {isa = PBXFileReference; lastKnownFileType = text.plist.xml; path = Info.plist; sourceTree = "<group>"; };
		0EEA2B741C45E6B300D9B49C /* TextImageView.h */ = {isa = PBXFileReference; fileEncoding = 4; lastKnownFileType = sourcecode.c.h; path = TextImageView.h; sourceTree = "<group>"; };
		0EEA2B751C45E6B300D9B49C /* TextImageView.m */ = {isa = PBXFileReference; fileEncoding = 4; lastKnownFileType = sourcecode.c.objc; path = TextImageView.m; sourceTree = "<group>"; };
		0EEA2B771C45EC9200D9B49C /* Mole06.png */ = {isa = PBXFileReference; lastKnownFileType = image.png; path = Mole06.png; sourceTree = "<group>"; };
/* End PBXFileReference section */

/* Begin PBXFrameworksBuildPhase section */
		0EEA2B391C45E64400D9B49C /* Frameworks */ = {
			isa = PBXFrameworksBuildPhase;
			buildActionMask = 2147483647;
			files = (
			);
			runOnlyForDeploymentPostprocessing = 0;
		};
		0EEA2B521C45E64400D9B49C /* Frameworks */ = {
			isa = PBXFrameworksBuildPhase;
			buildActionMask = 2147483647;
			files = (
			);
			runOnlyForDeploymentPostprocessing = 0;
		};
		0EEA2B5D1C45E64400D9B49C /* Frameworks */ = {
			isa = PBXFrameworksBuildPhase;
			buildActionMask = 2147483647;
			files = (
			);
			runOnlyForDeploymentPostprocessing = 0;
		};
/* End PBXFrameworksBuildPhase section */

/* Begin PBXGroup section */
		0EEA2B331C45E64400D9B49C = {
			isa = PBXGroup;
			children = (
				0EEA2B3E1C45E64400D9B49C /* 02-画图片和文字 */,
				0EEA2B581C45E64400D9B49C /* 02-画图片和文字Tests */,
				0EEA2B3D1C45E64400D9B49C /* Products */,
			);
			sourceTree = "<group>";
		};
		0EEA2B3D1C45E64400D9B49C /* Products */ = {
			isa = PBXGroup;
			children = (
				0EEA2B3C1C45E64400D9B49C /* 02-画图片和文字.app */,
				0EEA2B551C45E64400D9B49C /* 02-画图片和文字Tests.xctest */,
				0EEA2B601C45E64400D9B49C /* 02-画图片和文字UITests.xctest */,
			);
			name = Products;
			sourceTree = "<group>";
		};
		0EEA2B3E1C45E64400D9B49C /* 02-画图片和文字 */ = {
			isa = PBXGroup;
			children = (
				0EEA2B731C45E68F00D9B49C /* Class */,
				0EEA2B721C45E65F00D9B49C /* Others */,
				0EEA2B3F1C45E64400D9B49C /* Supporting Files */,
			);
			path = "02-画图片和文字";
			sourceTree = "<group>";
		};
		0EEA2B3F1C45E64400D9B49C /* Supporting Files */ = {
			isa = PBXGroup;
			children = (
				0EEA2B401C45E64400D9B49C /* main.m */,
			);
			name = "Supporting Files";
			sourceTree = "<group>";
		};
		0EEA2B581C45E64400D9B49C /* 02-画图片和文字Tests */ = {
			isa = PBXGroup;
			children = (
				0EEA2B591C45E64400D9B49C /* _2_______Tests.m */,
				0EEA2B5B1C45E64400D9B49C /* Info.plist */,
			);
			path = "02-画图片和文字Tests";
			sourceTree = "<group>";
		};
		0EEA2B631C45E64400D9B49C /* 02-画图片和文字UITests */ = {
			isa = PBXGroup;
			children = (
				0EEA2B431C45E64400D9B49C /* AppDelegate.m */,
				0EEA2B641C45E64400D9B49C /* _2_______UITests.m */,
				0EEA2B661C45E64400D9B49C /* Info.plist */,
			);
			path = "02-画图片和文字UITests";
			sourceTree = SOURCE_ROOT;
		};
		0EEA2B721C45E65F00D9B49C /* Others */ = {
			isa = PBXGroup;
			children = (
				0EEA2B421C45E64400D9B49C /* AppDelegate.h */,
				0EEA2B451C45E64400D9B49C /* ViewController.h */,
				0EEA2B461C45E64400D9B49C /* ViewController.m */,
				0EEA2B481C45E64400D9B49C /* Main.storyboard */,
				0EEA2B631C45E64400D9B49C /* 02-画图片和文字UITests */,
				0EEA2B4B1C45E64400D9B49C /* Assets.xcassets */,
				0EEA2B4D1C45E64400D9B49C /* LaunchScreen.storyboard */,
				0EEA2B501C45E64400D9B49C /* Info.plist */,
			);
			name = Others;
			sourceTree = "<group>";
		};
		0EEA2B731C45E68F00D9B49C /* Class */ = {
			isa = PBXGroup;
			children = (
				0EEA2B771C45EC9200D9B49C /* Mole06.png */,
				0EEA2B741C45E6B300D9B49C /* TextImageView.h */,
				0EEA2B751C45E6B300D9B49C /* TextImageView.m */,
			);
			name = Class;
			sourceTree = "<group>";
		};
/* End PBXGroup section */

/* Begin PBXNativeTarget section */
		0EEA2B3B1C45E64400D9B49C /* 02-画图片和文字 */ = {
			isa = PBXNativeTarget;
			buildConfigurationList = 0EEA2B691C45E64400D9B49C /* Build configuration list for PBXNativeTarget "02-画图片和文字" */;
			buildPhases = (
				0EEA2B381C45E64400D9B49C /* Sources */,
				0EEA2B391C45E64400D9B49C /* Frameworks */,
				0EEA2B3A1C45E64400D9B49C /* Resources */,
			);
			buildRules = (
			);
			dependencies = (
			);
			name = "02-画图片和文字";
			productName = "02-画图片和文字";
			productReference = 0EEA2B3C1C45E64400D9B49C /* 02-画图片和文字.app */;
			productType = "com.apple.product-type.application";
		};
		0EEA2B541C45E64400D9B49C /* 02-画图片和文字Tests */ = {
			isa = PBXNativeTarget;
			buildConfigurationList = 0EEA2B6C1C45E64400D9B49C /* Build configuration list for PBXNativeTarget "02-画图片和文字Tests" */;
			buildPhases = (
				0EEA2B511C45E64400D9B49C /* Sources */,
				0EEA2B521C45E64400D9B49C /* Frameworks */,
				0EEA2B531C45E64400D9B49C /* Resources */,
			);
			buildRules = (
			);
			dependencies = (
				0EEA2B571C45E64400D9B49C /* PBXTargetDependency */,
			);
			name = "02-画图片和文字Tests";
			productName = "02-画图片和文字Tests";
			productReference = 0EEA2B551C45E64400D9B49C /* 02-画图片和文字Tests.xctest */;
			productType = "com.apple.product-type.bundle.unit-test";
		};
		0EEA2B5F1C45E64400D9B49C /* 02-画图片和文字UITests */ = {
			isa = PBXNativeTarget;
			buildConfigurationList = 0EEA2B6F1C45E64400D9B49C /* Build configuration list for PBXNativeTarget "02-画图片和文字UITests" */;
			buildPhases = (
				0EEA2B5C1C45E64400D9B49C /* Sources */,
				0EEA2B5D1C45E64400D9B49C /* Frameworks */,
				0EEA2B5E1C45E64400D9B49C /* Resources */,
			);
			buildRules = (
			);
			dependencies = (
				0EEA2B621C45E64400D9B49C /* PBXTargetDependency */,
			);
			name = "02-画图片和文字UITests";
			productName = "02-画图片和文字UITests";
			productReference = 0EEA2B601C45E64400D9B49C /* 02-画图片和文字UITests.xctest */;
			productType = "com.apple.product-type.bundle.ui-testing";
		};
/* End PBXNativeTarget section */

/* Begin PBXProject section */
		0EEA2B341C45E64400D9B49C /* Project object */ = {
			isa = PBXProject;
			attributes = {
				LastUpgradeCheck = 0720;
				ORGANIZATIONNAME = "余婷";
				TargetAttributes = {
					0EEA2B3B1C45E64400D9B49C = {
						CreatedOnToolsVersion = 7.2;
					};
					0EEA2B541C45E64400D9B49C = {
						CreatedOnToolsVersion = 7.2;
						TestTargetID = 0EEA2B3B1C45E64400D9B49C;
					};
					0EEA2B5F1C45E64400D9B49C = {
						CreatedOnToolsVersion = 7.2;
						TestTargetID = 0EEA2B3B1C45E64400D9B49C;
					};
				};
			};
			buildConfigurationList = 0EEA2B371C45E64400D9B49C /* Build configuration list for PBXProject "02-画图片和文字" */;
			compatibilityVersion = "Xcode 3.2";
			developmentRegion = English;
			hasScannedForEncodings = 0;
			knownRegions = (
				en,
				Base,
			);
			mainGroup = 0EEA2B331C45E64400D9B49C;
			productRefGroup = 0EEA2B3D1C45E64400D9B49C /* Products */;
			projectDirPath = "";
			projectRoot = "";
			targets = (
				0EEA2B3B1C45E64400D9B49C /* 02-画图片和文字 */,
				0EEA2B541C45E64400D9B49C /* 02-画图片和文字Tests */,
				0EEA2B5F1C45E64400D9B49C /* 02-画图片和文字UITests */,
			);
		};
/* End PBXProject section */

/* Begin PBXResourcesBuildPhase section */
		0EEA2B3A1C45E64400D9B49C /* Resources */ = {
			isa = PBXResourcesBuildPhase;
			buildActionMask = 2147483647;
			files = (
				0EEA2B781C45EC9200D9B49C /* Mole06.png in Resources */,
				0EEA2B4F1C45E64400D9B49C /* LaunchScreen.storyboard in Resources */,
				0EEA2B4C1C45E64400D9B49C /* Assets.xcassets in Resources */,
				0EEA2B4A1C45E64400D9B49C /* Main.storyboard in Resources */,
			);
			runOnlyForDeploymentPostprocessing = 0;
		};
		0EEA2B531C45E64400D9B49C /* Resources */ = {
			isa = PBXResourcesBuildPhase;
			buildActionMask = 2147483647;
			files = (
			);
			runOnlyForDeploymentPostprocessing = 0;
		};
		0EEA2B5E1C45E64400D9B49C /* Resources */ = {
			isa = PBXResourcesBuildPhase;
			buildActionMask = 2147483647;
			files = (
			);
			runOnlyForDeploymentPostprocessing = 0;
		};
/* End PBXResourcesBuildPhase section */

/* Begin PBXSourcesBuildPhase section */
		0EEA2B381C45E64400D9B49C /* Sources */ = {
			isa = PBXSourcesBuildPhase;
			buildActionMask = 2147483647;
			files = (
				0EEA2B471C45E64400D9B49C /* ViewController.m in Sources */,
				0EEA2B761C45E6B300D9B49C /* TextImageView.m in Sources */,
				0EEA2B441C45E64400D9B49C /* AppDelegate.m in Sources */,
				0EEA2B411C45E64400D9B49C /* main.m in Sources */,
			);
			runOnlyForDeploymentPostprocessing = 0;
		};
		0EEA2B511C45E64400D9B49C /* Sources */ = {
			isa = PBXSourcesBuildPhase;
			buildActionMask = 2147483647;
			files = (
				0EEA2B5A1C45E64400D9B49C /* _2_______Tests.m in Sources */,
			);
			runOnlyForDeploymentPostprocessing = 0;
		};
		0EEA2B5C1C45E64400D9B49C /* Sources */ = {
			isa = PBXSourcesBuildPhase;
			buildActionMask = 2147483647;
			files = (
				0EEA2B651C45E64400D9B49C /* _2_______UITests.m in Sources */,
			);
			runOnlyForDeploymentPostprocessing = 0;
		};
/* End PBXSourcesBuildPhase section */

/* Begin PBXTargetDependency section */
		0EEA2B571C45E64400D9B49C /* PBXTargetDependency */ = {
			isa = PBXTargetDependency;
			target = 0EEA2B3B1C45E64400D9B49C /* 02-画图片和文字 */;
			targetProxy = 0EEA2B561C45E64400D9B49C /* PBXContainerItemProxy */;
		};
		0EEA2B621C45E64400D9B49C /* PBXTargetDependency */ = {
			isa = PBXTargetDependency;
			target = 0EEA2B3B1C45E64400D9B49C /* 02-画图片和文字 */;
			targetProxy = 0EEA2B611C45E64400D9B49C /* PBXContainerItemProxy */;
		};
/* End PBXTargetDependency section */

/* Begin PBXVariantGroup section */
		0EEA2B481C45E64400D9B49C /* Main.storyboard */ = {
			isa = PBXVariantGroup;
			children = (
				0EEA2B491C45E64400D9B49C /* Base */,
			);
			name = Main.storyboard;
			sourceTree = "<group>";
		};
		0EEA2B4D1C45E64400D9B49C /* LaunchScreen.storyboard */ = {
			isa = PBXVariantGroup;
			children = (
				0EEA2B4E1C45E64400D9B49C /* Base */,
			);
			name = LaunchScreen.storyboard;
			sourceTree = "<group>";
		};
/* End PBXVariantGroup section */

/* Begin XCBuildConfiguration section */
		0EEA2B671C45E64400D9B49C /* Debug */ = {
			isa = XCBuildConfiguration;
			buildSettings = {
				ALWAYS_SEARCH_USER_PATHS = NO;
				CLANG_CXX_LANGUAGE_STANDARD = "gnu++0x";
				CLANG_CXX_LIBRARY = "libc++";
				CLANG_ENABLE_MODULES = YES;
				CLANG_ENABLE_OBJC_ARC = YES;
				CLANG_WARN_BOOL_CONVERSION = YES;
				CLANG_WARN_CONSTANT_CONVERSION = YES;
				CLANG_WARN_DIRECT_OBJC_ISA_USAGE = YES_ERROR;
				CLANG_WARN_EMPTY_BODY = YES;
				CLANG_WARN_ENUM_CONVERSION = YES;
				CLANG_WARN_INT_CONVERSION = YES;
				CLANG_WARN_OBJC_ROOT_CLASS = YES_ERROR;
				CLANG_WARN_UNREACHABLE_CODE = YES;
				CLANG_WARN__DUPLICATE_METHOD_MATCH = YES;
				"CODE_SIGN_IDENTITY[sdk=iphoneos*]" = "iPhone Developer";
				COPY_PHASE_STRIP = NO;
				DEBUG_INFORMATION_FORMAT = dwarf;
				ENABLE_STRICT_OBJC_MSGSEND = YES;
				ENABLE_TESTABILITY = YES;
				GCC_C_LANGUAGE_STANDARD = gnu99;
				GCC_DYNAMIC_NO_PIC = NO;
				GCC_NO_COMMON_BLOCKS = YES;
				GCC_OPTIMIZATION_LEVEL = 0;
				GCC_PREPROCESSOR_DEFINITIONS = (
					"DEBUG=1",
					"$(inherited)",
				);
				GCC_WARN_64_TO_32_BIT_CONVERSION = YES;
				GCC_WARN_ABOUT_RETURN_TYPE = YES_ERROR;
				GCC_WARN_UNDECLARED_SELECTOR = YES;
				GCC_WARN_UNINITIALIZED_AUTOS = YES_AGGRESSIVE;
				GCC_WARN_UNUSED_FUNCTION = YES;
				GCC_WARN_UNUSED_VARIABLE = YES;
				IPHONEOS_DEPLOYMENT_TARGET = 9.2;
				MTL_ENABLE_DEBUG_INFO = YES;
				ONLY_ACTIVE_ARCH = YES;
				SDKROOT = iphoneos;
			};
			name = Debug;
		};
		0EEA2B681C45E64400D9B49C /* Release */ = {
			isa = XCBuildConfiguration;
			buildSettings = {
				ALWAYS_SEARCH_USER_PATHS = NO;
				CLANG_CXX_LANGUAGE_STANDARD = "gnu++0x";
				CLANG_CXX_LIBRARY = "libc++";
				CLANG_ENABLE_MODULES = YES;
				CLANG_ENABLE_OBJC_ARC = YES;
				CLANG_WARN_BOOL_CONVERSION = YES;
				CLANG_WARN_CONSTANT_CONVERSION = YES;
				CLANG_WARN_DIRECT_OBJC_ISA_USAGE = YES_ERROR;
				CLANG_WARN_EMPTY_BODY = YES;
				CLANG_WARN_ENUM_CONVERSION = YES;
				CLANG_WARN_INT_CONVERSION = YES;
				CLANG_WARN_OBJC_ROOT_CLASS = YES_ERROR;
				CLANG_WARN_UNREACHABLE_CODE = YES;
				CLANG_WARN__DUPLICATE_METHOD_MATCH = YES;
				"CODE_SIGN_IDENTITY[sdk=iphoneos*]" = "iPhone Developer";
				COPY_PHASE_STRIP = NO;
				DEBUG_INFORMATION_FORMAT = "dwarf-with-dsym";
				ENABLE_NS_ASSERTIONS = NO;
				ENABLE_STRICT_OBJC_MSGSEND = YES;
				GCC_C_LANGUAGE_STANDARD = gnu99;
				GCC_NO_COMMON_BLOCKS = YES;
				GCC_WARN_64_TO_32_BIT_CONVERSION = YES;
				GCC_WARN_ABOUT_RETURN_TYPE = YES_ERROR;
				GCC_WARN_UNDECLARED_SELECTOR = YES;
				GCC_WARN_UNINITIALIZED_AUTOS = YES_AGGRESSIVE;
				GCC_WARN_UNUSED_FUNCTION = YES;
				GCC_WARN_UNUSED_VARIABLE = YES;
				IPHONEOS_DEPLOYMENT_TARGET = 9.2;
				MTL_ENABLE_DEBUG_INFO = NO;
				SDKROOT = iphoneos;
				VALIDATE_PRODUCT = YES;
			};
			name = Release;
		};
		0EEA2B6A1C45E64400D9B49C /* Debug */ = {
			isa = XCBuildConfiguration;
			buildSettings = {
				ASSETCATALOG_COMPILER_APPICON_NAME = AppIcon;
				INFOPLIST_FILE = "02-画图片和文字/Info.plist";
				LD_RUNPATH_SEARCH_PATHS = "$(inherited) @executable_path/Frameworks";
				PRODUCT_BUNDLE_IDENTIFIER = "com.qianfeng.-2-------";
				PRODUCT_NAME = "$(TARGET_NAME)";
			};
			name = Debug;
		};
		0EEA2B6B1C45E64400D9B49C /* Release */ = {
			isa = XCBuildConfiguration;
			buildSettings = {
				ASSETCATALOG_COMPILER_APPICON_NAME = AppIcon;
				INFOPLIST_FILE = "02-画图片和文字/Info.plist";
				LD_RUNPATH_SEARCH_PATHS = "$(inherited) @executable_path/Frameworks";
				PRODUCT_BUNDLE_IDENTIFIER = "com.qianfeng.-2-------";
				PRODUCT_NAME = "$(TARGET_NAME)";
			};
			name = Release;
		};
		0EEA2B6D1C45E64400D9B49C /* Debug */ = {
			isa = XCBuildConfiguration;
			buildSettings = {
				BUNDLE_LOADER = "$(TEST_HOST)";
				INFOPLIST_FILE = "02-画图片和文字Tests/Info.plist";
				LD_RUNPATH_SEARCH_PATHS = "$(inherited) @executable_path/Frameworks @loader_path/Frameworks";
				PRODUCT_BUNDLE_IDENTIFIER = "com.qianfeng.-2-------Tests";
				PRODUCT_NAME = "$(TARGET_NAME)";
				TEST_HOST = "$(BUILT_PRODUCTS_DIR)/02-画图片和文字.app/02-画图片和文字";
			};
			name = Debug;
		};
		0EEA2B6E1C45E64400D9B49C /* Release */ = {
			isa = XCBuildConfiguration;
			buildSettings = {
				BUNDLE_LOADER = "$(TEST_HOST)";
				INFOPLIST_FILE = "02-画图片和文字Tests/Info.plist";
				LD_RUNPATH_SEARCH_PATHS = "$(inherited) @executable_path/Frameworks @loader_path/Frameworks";
				PRODUCT_BUNDLE_IDENTIFIER = "com.qianfeng.-2-------Tests";
				PRODUCT_NAME = "$(TARGET_NAME)";
				TEST_HOST = "$(BUILT_PRODUCTS_DIR)/02-画图片和文字.app/02-画图片和文字";
			};
			name = Release;
		};
		0EEA2B701C45E64400D9B49C /* Debug */ = {
			isa = XCBuildConfiguration;
			buildSettings = {
				INFOPLIST_FILE = "02-画图片和文字UITests/Info.plist";
				LD_RUNPATH_SEARCH_PATHS = "$(inherited) @executable_path/Frameworks @loader_path/Frameworks";
				PRODUCT_BUNDLE_IDENTIFIER = "com.qianfeng.-2-------UITests";
				PRODUCT_NAME = "$(TARGET_NAME)";
				TEST_TARGET_NAME = "02-画图片和文字";
				USES_XCTRUNNER = YES;
			};
			name = Debug;
		};
		0EEA2B711C45E64400D9B49C /* Release */ = {
			isa = XCBuildConfiguration;
			buildSettings = {
				INFOPLIST_FILE = "02-画图片和文字UITests/Info.plist";
				LD_RUNPATH_SEARCH_PATHS = "$(inherited) @executable_path/Frameworks @loader_path/Frameworks";
				PRODUCT_BUNDLE_IDENTIFIER = "com.qianfeng.-2-------UITests";
				PRODUCT_NAME = "$(TARGET_NAME)";
				TEST_TARGET_NAME = "02-画图片和文字";
				USES_XCTRUNNER = YES;
			};
			name = Release;
		};
/* End XCBuildConfiguration section */

/* Begin XCConfigurationList section */
		0EEA2B371C45E64400D9B49C /* Build configuration list for PBXProject "02-画图片和文字" */ = {
			isa = XCConfigurationList;
			buildConfigurations = (
				0EEA2B671C45E64400D9B49C /* Debug */,
				0EEA2B681C45E64400D9B49C /* Release */,
			);
			defaultConfigurationIsVisible = 0;
			defaultConfigurationName = Release;
		};
		0EEA2B691C45E64400D9B49C /* Build configuration list for PBXNativeTarget "02-画图片和文字" */ = {
			isa = XCConfigurationList;
			buildConfigurations = (
				0EEA2B6A1C45E64400D9B49C /* Debug */,
				0EEA2B6B1C45E64400D9B49C /* Release */,
			);
			defaultConfigurationIsVisible = 0;
		};
		0EEA2B6C1C45E64400D9B49C /* Build configuration list for PBXNativeTarget "02-画图片和文字Tests" */ = {
			isa = XCConfigurationList;
			buildConfigurations = (
				0EEA2B6D1C45E64400D9B49C /* Debug */,
				0EEA2B6E1C45E64400D9B49C /* Release */,
			);
			defaultConfigurationIsVisible = 0;
		};
		0EEA2B6F1C45E64400D9B49C /* Build configuration list for PBXNativeTarget "02-画图片和文字UITests" */ = {
			isa = XCConfigurationList;
			buildConfigurations = (
				0EEA2B701C45E64400D9B49C /* Debug */,
				0EEA2B711C45E64400D9B49C /* Release */,
			);
			defaultConfigurationIsVisible = 0;
		};
/* End XCConfigurationList section */
	};
	rootObject = 0EEA2B341C45E64400D9B49C /* Project object */;
}
